
Microsoft Visual Studio Solution File, Format Version 12.00
# Visual Studio Version 17
VisualStudioVersion = 17.9.34622.214
MinimumVisualStudioVersion = 10.0.40219.1
Project("{FAE04EC0-301F-11D3-BF4B-00C04F79EFBC}") = "Lab05", "Lab05\Lab05.csproj", "{B19E2F96-7CE0-4A98-9312-4BD2F96ECDD4}"
EndProject
Global
	GlobalSection(SolutionConfigurationPlatforms) = preSolution
		Debug|Any CPU = Debug|Any CPU
		Release|Any CPU = Release|Any CPU
	EndGlobalSection
	GlobalSection(ProjectConfigurationPlatforms) = postSolution
		{B19E2F96-7CE0-4A98-9312-4BD2F96ECDD4}.Debug|Any CPU.ActiveCfg = Debug|Any CPU
		{B19E2F96-7CE0-4A98-9312-4BD2F96ECDD4}.Debug|Any CPU.Build.0 = Debug|Any CPU
		{B19E2F96-7CE0-4A98-9312-4BD2F96ECDD4}.Release|Any CPU.ActiveCfg = Release|Any CPU
		{B19E2F96-7CE0-4A98-9312-4BD2F96ECDD4}.Release|Any CPU.Build.0 = Release|Any CPU
	EndGlobalSection
	GlobalSection(SolutionProperties) = preSolution
		HideSolutionNode = FALSE
	EndGlobalSection
	GlobalSection(ExtensibilityGlobals) = postSolution
		SolutionGuid = {C8C3D46E-7A22-453D-BDA1-1F8FBA12E4F4}
	EndGlobalSection
EndGlobal
